// !$*UTF8*$!
{
	archiveVersion = 1;
	classes = {
	};
	objectVersion = 50;
	objects = {

/* Begin PBXBuildFile section */
		03115A8B230FEDC900EB0453 /* Encoder+Json.swift in Sources */ = {isa = PBXBuildFile; fileRef = 03115A8A230FEDC900EB0453 /* Encoder+Json.swift */; };
		0332588F230D5A7D00CE24A6 /* AppDelegate.swift in Sources */ = {isa = PBXBuildFile; fileRef = 0332588E230D5A7D00CE24A6 /* AppDelegate.swift */; };
		03325891230D5A7D00CE24A6 /* ViewController.swift in Sources */ = {isa = PBXBuildFile; fileRef = 03325890230D5A7D00CE24A6 /* ViewController.swift */; };
		03325894230D5A7D00CE24A6 /* Main.storyboard in Resources */ = {isa = PBXBuildFile; fileRef = 03325892230D5A7D00CE24A6 /* Main.storyboard */; };
		03325896230D5A7F00CE24A6 /* Assets.xcassets in Resources */ = {isa = PBXBuildFile; fileRef = 03325895230D5A7F00CE24A6 /* Assets.xcassets */; };
		03325899230D5A7F00CE24A6 /* LaunchScreen.storyboard in Resources */ = {isa = PBXBuildFile; fileRef = 03325897230D5A7F00CE24A6 /* LaunchScreen.storyboard */; };
		033258A1230D5B2700CE24A6 /* demo.html in Resources */ = {isa = PBXBuildFile; fileRef = 033258A0230D5B2700CE24A6 /* demo.html */; };
		033258A3230D5FDF00CE24A6 /* inj.js in Resources */ = {isa = PBXBuildFile; fileRef = 033258A2230D5FDF00CE24A6 /* inj.js */; };
		FAF8C90F230EEA7400100374 /* WebApiDemo.swift in Sources */ = {isa = PBXBuildFile; fileRef = FAF8C90E230EEA7400100374 /* WebApiDemo.swift */; };
		FAF8C911230EEAFB00100374 /* WebApiBridge.swift in Sources */ = {isa = PBXBuildFile; fileRef = FAF8C910230EEAFB00100374 /* WebApiBridge.swift */; };
		FAF8C913231026A200100374 /* JSCmdUtil.swift in Sources */ = {isa = PBXBuildFile; fileRef = FAF8C912231026A200100374 /* JSCmdUtil.swift */; };
		FAF8C915231027D000100374 /* JSFuture.swift in Sources */ = {isa = PBXBuildFile; fileRef = FAF8C914231027D000100374 /* JSFuture.swift */; };
		FAF8C9172310348E00100374 /* JSBaseCommand.swift in Sources */ = {isa = PBXBuildFile; fileRef = FAF8C9162310348E00100374 /* JSBaseCommand.swift */; };
		FAF8C9192311672500100374 /* FPCompose.swift in Sources */ = {isa = PBXBuildFile; fileRef = FAF8C9182311672500100374 /* FPCompose.swift */; };
/* End PBXBuildFile section */

/* Begin PBXFileReference section */
		03115A8A230FEDC900EB0453 /* Encoder+Json.swift */ = {isa = PBXFileReference; lastKnownFileType = sourcecode.swift; path = "Encoder+Json.swift"; sourceTree = "<group>"; };
		0332588B230D5A7D00CE24A6 /* webapiDemo.app */ = {isa = PBXFileReference; explicitFileType = wrapper.application; includeInIndex = 0; path = webapiDemo.app; sourceTree = BUILT_PRODUCTS_DIR; };
		0332588E230D5A7D00CE24A6 /* AppDelegate.swift */ = {isa = PBXFileReference; lastKnownFileType = sourcecode.swift; path = AppDelegate.swift; sourceTree = "<group>"; };
		03325890230D5A7D00CE24A6 /* ViewController.swift */ = {isa = PBXFileReference; lastKnownFileType = sourcecode.swift; path = ViewController.swift; sourceTree = "<group>"; };
		03325893230D5A7D00CE24A6 /* Base */ = {isa = PBXFileReference; lastKnownFileType = file.storyboard; name = Base; path = Base.lproj/Main.storyboard; sourceTree = "<group>"; };
		03325895230D5A7F00CE24A6 /* Assets.xcassets */ = {isa = PBXFileReference; lastKnownFileType = folder.assetcatalog; path = Assets.xcassets; sourceTree = "<group>"; };
		03325898230D5A7F00CE24A6 /* Base */ = {isa = PBXFileReference; lastKnownFileType = file.storyboard; name = Base; path = Base.lproj/LaunchScreen.storyboard; sourceTree = "<group>"; };
		0332589A230D5A7F00CE24A6 /* Info.plist */ = {isa = PBXFileReference; lastKnownFileType = text.plist.xml; path = Info.plist; sourceTree = "<group>"; };
		033258A0230D5B2700CE24A6 /* demo.html */ = {isa = PBXFileReference; lastKnownFileType = text.html; path = demo.html; sourceTree = "<group>"; };
		033258A2230D5FDF00CE24A6 /* inj.js */ = {isa = PBXFileReference; lastKnownFileType = sourcecode.javascript; path = inj.js; sourceTree = "<group>"; };
		FAF8C90E230EEA7400100374 /* WebApiDemo.swift */ = {isa = PBXFileReference; lastKnownFileType = sourcecode.swift; path = WebApiDemo.swift; sourceTree = "<group>"; };
		FAF8C910230EEAFB00100374 /* WebApiBridge.swift */ = {isa = PBXFileReference; lastKnownFileType = sourcecode.swift; path = WebApiBridge.swift; sourceTree = "<group>"; };
		FAF8C912231026A200100374 /* JSCmdUtil.swift */ = {isa = PBXFileReference; lastKnownFileType = sourcecode.swift; path = JSCmdUtil.swift; sourceTree = "<group>"; };
		FAF8C914231027D000100374 /* JSFuture.swift */ = {isa = PBXFileReference; lastKnownFileType = sourcecode.swift; path = JSFuture.swift; sourceTree = "<group>"; };
		FAF8C9162310348E00100374 /* JSBaseCommand.swift */ = {isa = PBXFileReference; lastKnownFileType = sourcecode.swift; path = JSBaseCommand.swift; sourceTree = "<group>"; };
		FAF8C9182311672500100374 /* FPCompose.swift */ = {isa = PBXFileReference; lastKnownFileType = sourcecode.swift; path = FPCompose.swift; sourceTree = "<group>"; };
/* End PBXFileReference section */

/* Begin PBXFrameworksBuildPhase section */
		03325888230D5A7D00CE24A6 /* Frameworks */ = {
			isa = PBXFrameworksBuildPhase;
			buildActionMask = 2147483647;
			files = (
			);
			runOnlyForDeploymentPostprocessing = 0;
		};
/* End PBXFrameworksBuildPhase section */

/* Begin PBXGroup section */
		03325882230D5A7D00CE24A6 = {
			isa = PBXGroup;
			children = (
				0332588D230D5A7D00CE24A6 /* webapiDemo */,
				0332588C230D5A7D00CE24A6 /* Products */,
			);
			sourceTree = "<group>";
		};
		0332588C230D5A7D00CE24A6 /* Products */ = {
			isa = PBXGroup;
			children = (
				0332588B230D5A7D00CE24A6 /* webapiDemo.app */,
			);
			name = Products;
			sourceTree = "<group>";
		};
		0332588D230D5A7D00CE24A6 /* webapiDemo */ = {
			isa = PBXGroup;
			children = (
				FAF8C91A2311684300100374 /* JSBridgeEngine */,
				0332588E230D5A7D00CE24A6 /* AppDelegate.swift */,
				03325890230D5A7D00CE24A6 /* ViewController.swift */,
				03325892230D5A7D00CE24A6 /* Main.storyboard */,
				03325895230D5A7F00CE24A6 /* Assets.xcassets */,
				03325897230D5A7F00CE24A6 /* LaunchScreen.storyboard */,
				0332589A230D5A7F00CE24A6 /* Info.plist */,
				033258A0230D5B2700CE24A6 /* demo.html */,
				033258A2230D5FDF00CE24A6 /* inj.js */,
				FAF8C90E230EEA7400100374 /* WebApiDemo.swift */,
			);
			path = webapiDemo;
			sourceTree = "<group>";
		};
		FAF8C91A2311684300100374 /* JSBridgeEngine */ = {
			isa = PBXGroup;
			children = (
				FAF8C910230EEAFB00100374 /* WebApiBridge.swift */,
				03115A8A230FEDC900EB0453 /* Encoder+Json.swift */,
				FAF8C912231026A200100374 /* JSCmdUtil.swift */,
				FAF8C914231027D000100374 /* JSFuture.swift */,
				FAF8C9162310348E00100374 /* JSBaseCommand.swift */,
				FAF8C9182311672500100374 /* FPCompose.swift */,
			);
			path = JSBridgeEngine;
			sourceTree = "<group>";
		};
/* End PBXGroup section */

/* Begin PBXNativeTarget section */
		0332588A230D5A7D00CE24A6 /* webapiDemo */ = {
			isa = PBXNativeTarget;
			buildConfigurationList = 0332589D230D5A7F00CE24A6 /* Build configuration list for PBXNativeTarget "webapiDemo" */;
			buildPhases = (
				03325887230D5A7D00CE24A6 /* Sources */,
				03325888230D5A7D00CE24A6 /* Frameworks */,
				03325889230D5A7D00CE24A6 /* Resources */,
			);
			buildRules = (
			);
			dependencies = (
			);
			name = webapiDemo;
			productName = webapiDemo;
			productReference = 0332588B230D5A7D00CE24A6 /* webapiDemo.app */;
			productType = "com.apple.product-type.application";
		};
/* End PBXNativeTarget section */

/* Begin PBXProject section */
		03325883230D5A7D00CE24A6 /* Project object */ = {
			isa = PBXProject;
			attributes = {
				LastSwiftUpdateCheck = 1030;
				LastUpgradeCheck = 1030;
				ORGANIZATIONNAME = jicg;
				TargetAttributes = {
					0332588A230D5A7D00CE24A6 = {
						CreatedOnToolsVersion = 10.3;
					};
				};
			};
			buildConfigurationList = 03325886230D5A7D00CE24A6 /* Build configuration list for PBXProject "webapiDemo" */;
			compatibilityVersion = "Xcode 9.3";
			developmentRegion = en;
			hasScannedForEncodings = 0;
			knownRegions = (
				en,
				Base,
			);
			mainGroup = 03325882230D5A7D00CE24A6;
			productRefGroup = 0332588C230D5A7D00CE24A6 /* Products */;
			projectDirPath = "";
			projectRoot = "";
			targets = (
				0332588A230D5A7D00CE24A6 /* webapiDemo */,
			);
		};
/* End PBXProject section */

/* Begin PBXResourcesBuildPhase section */
		03325889230D5A7D00CE24A6 /* Resources */ = {
			isa = PBXResourcesBuildPhase;
			buildActionMask = 2147483647;
			files = (
				033258A3230D5FDF00CE24A6 /* inj.js in Resources */,
				03325899230D5A7F00CE24A6 /* LaunchScreen.storyboard in Resources */,
				033258A1230D5B2700CE24A6 /* demo.html in Resources */,
				03325896230D5A7F00CE24A6 /* Assets.xcassets in Resources */,
				03325894230D5A7D00CE24A6 /* Main.storyboard in Resources */,
			);
			runOnlyForDeploymentPostprocessing = 0;
		};
/* End PBXResourcesBuildPhase section */

/* Begin PBXSourcesBuildPhase section */
		03325887230D5A7D00CE24A6 /* Sources */ = {
			isa = PBXSourcesBuildPhase;
			buildActionMask = 2147483647;
			files = (
				FAF8C915231027D000100374 /* JSFuture.swift in Sources */,
				03325891230D5A7D00CE24A6 /* ViewController.swift in Sources */,
				0332588F230D5A7D00CE24A6 /* AppDelegate.swift in Sources */,
				FAF8C911230EEAFB00100374 /* WebApiBridge.swift in Sources */,
				FAF8C90F230EEA7400100374 /* WebApiDemo.swift in Sources */,
				FAF8C9172310348E00100374 /* JSBaseCommand.swift in Sources */,
				03115A8B230FEDC900EB0453 /* Encoder+Json.swift in Sources */,
				FAF8C9192311672500100374 /* FPCompose.swift in Sources */,
				FAF8C913231026A200100374 /* JSCmdUtil.swift in Sources */,
			);
			runOnlyForDeploymentPostprocessing = 0;
		};
/* End PBXSourcesBuildPhase section */

/* Begin PBXVariantGroup section */
		03325892230D5A7D00CE24A6 /* Main.storyboard */ = {
			isa = PBXVariantGroup;
			children = (
				03325893230D5A7D00CE24A6 /* Base */,
			);
			name = Main.storyboard;
			sourceTree = "<group>";
		};
		03325897230D5A7F00CE24A6 /* LaunchScreen.storyboard */ = {
			isa = PBXVariantGroup;
			children = (
				03325898230D5A7F00CE24A6 /* Base */,
			);
			name = LaunchScreen.storyboard;
			sourceTree = "<group>";
		};
/* End PBXVariantGroup section */

/* Begin XCBuildConfiguration section */
		0332589B230D5A7F00CE24A6 /* Debug */ = {
			isa = XCBuildConfiguration;
			buildSettings = {
				ALWAYS_SEARCH_USER_PATHS = NO;
				CLANG_ANALYZER_NONNULL = YES;
				CLANG_ANALYZER_NUMBER_OBJECT_CONVERSION = YES_AGGRESSIVE;
				CLANG_CXX_LANGUAGE_STANDARD = "gnu++14";
				CLANG_CXX_LIBRARY = "libc++";
				CLANG_ENABLE_MODULES = YES;
				CLANG_ENABLE_OBJC_ARC = YES;
				CLANG_ENABLE_OBJC_WEAK = YES;
				CLANG_WARN_BLOCK_CAPTURE_AUTORELEASING = YES;
				CLANG_WARN_BOOL_CONVERSION = YES;
				CLANG_WARN_COMMA = YES;
				CLANG_WARN_CONSTANT_CONVERSION = YES;
				CLANG_WARN_DEPRECATED_OBJC_IMPLEMENTATIONS = YES;
				CLANG_WARN_DIRECT_OBJC_ISA_USAGE = YES_ERROR;
				CLANG_WARN_DOCUMENTATION_COMMENTS = YES;
				CLANG_WARN_EMPTY_BODY = YES;
				CLANG_WARN_ENUM_CONVERSION = YES;
				CLANG_WARN_INFINITE_RECURSION = YES;
				CLANG_WARN_INT_CONVERSION = YES;
				CLANG_WARN_NON_LITERAL_NULL_CONVERSION = YES;
				CLANG_WARN_OBJC_IMPLICIT_RETAIN_SELF = YES;
				CLANG_WARN_OBJC_LITERAL_CONVERSION = YES;
				CLANG_WARN_OBJC_ROOT_CLASS = YES_ERROR;
				CLANG_WARN_RANGE_LOOP_ANALYSIS = YES;
				CLANG_WARN_STRICT_PROTOTYPES = YES;
				CLANG_WARN_SUSPICIOUS_MOVE = YES;
				CLANG_WARN_UNGUARDED_AVAILABILITY = YES_AGGRESSIVE;
				CLANG_WARN_UNREACHABLE_CODE = YES;
				CLANG_WARN__DUPLICATE_METHOD_MATCH = YES;
				CODE_SIGN_IDENTITY = "iPhone Developer";
				COPY_PHASE_STRIP = NO;
				DEBUG_INFORMATION_FORMAT = dwarf;
				ENABLE_STRICT_OBJC_MSGSEND = YES;
				ENABLE_TESTABILITY = YES;
				GCC_C_LANGUAGE_STANDARD = gnu11;
				GCC_DYNAMIC_NO_PIC = NO;
				GCC_NO_COMMON_BLOCKS = YES;
				GCC_OPTIMIZATION_LEVEL = 0;
				GCC_PREPROCESSOR_DEFINITIONS = (
					"DEBUG=1",
					"$(inherited)",
				);
				GCC_WARN_64_TO_32_BIT_CONVERSION = YES;
				GCC_WARN_ABOUT_RETURN_TYPE = YES_ERROR;
				GCC_WARN_UNDECLARED_SELECTOR = YES;
				GCC_WARN_UNINITIALIZED_AUTOS = YES_AGGRESSIVE;
				GCC_WARN_UNUSED_FUNCTION = YES;
				GCC_WARN_UNUSED_VARIABLE = YES;
				IPHONEOS_DEPLOYMENT_TARGET = 12.4;
				MTL_ENABLE_DEBUG_INFO = INCLUDE_SOURCE;
				MTL_FAST_MATH = YES;
				ONLY_ACTIVE_ARCH = YES;
				SDKROOT = iphoneos;
				SWIFT_ACTIVE_COMPILATION_CONDITIONS = DEBUG;
				SWIFT_OPTIMIZATION_LEVEL = "-Onone";
			};
			name = Debug;
		};
		0332589C230D5A7F00CE24A6 /* Release */ = {
			isa = XCBuildConfiguration;
			buildSettings = {
				ALWAYS_SEARCH_USER_PATHS = NO;
				CLANG_ANALYZER_NONNULL = YES;
				CLANG_ANALYZER_NUMBER_OBJECT_CONVERSION = YES_AGGRESSIVE;
				CLANG_CXX_LANGUAGE_STANDARD = "gnu++14";
				CLANG_CXX_LIBRARY = "libc++";
				CLANG_ENABLE_MODULES = YES;
				CLANG_ENABLE_OBJC_ARC = YES;
				CLANG_ENABLE_OBJC_WEAK = YES;
				CLANG_WARN_BLOCK_CAPTURE_AUTORELEASING = YES;
				CLANG_WARN_BOOL_CONVERSION = YES;
				CLANG_WARN_COMMA = YES;
				CLANG_WARN_CONSTANT_CONVERSION = YES;
				CLANG_WARN_DEPRECATED_OBJC_IMPLEMENTATIONS = YES;
				CLANG_WARN_DIRECT_OBJC_ISA_USAGE = YES_ERROR;
				CLANG_WARN_DOCUMENTATION_COMMENTS = YES;
				CLANG_WARN_EMPTY_BODY = YES;
				CLANG_WARN_ENUM_CONVERSION = YES;
				CLANG_WARN_INFINITE_RECURSION = YES;
				CLANG_WARN_INT_CONVERSION = YES;
				CLANG_WARN_NON_LITERAL_NULL_CONVERSION = YES;
				CLANG_WARN_OBJC_IMPLICIT_RETAIN_SELF = YES;
				CLANG_WARN_OBJC_LITERAL_CONVERSION = YES;
				CLANG_WARN_OBJC_ROOT_CLASS = YES_ERROR;
				CLANG_WARN_RANGE_LOOP_ANALYSIS = YES;
				CLANG_WARN_STRICT_PROTOTYPES = YES;
				CLANG_WARN_SUSPICIOUS_MOVE = YES;
				CLANG_WARN_UNGUARDED_AVAILABILITY = YES_AGGRESSIVE;
				CLANG_WARN_UNREACHABLE_CODE = YES;
				CLANG_WARN__DUPLICATE_METHOD_MATCH = YES;
				CODE_SIGN_IDENTITY = "iPhone Developer";
				COPY_PHASE_STRIP = NO;
				DEBUG_INFORMATION_FORMAT = "dwarf-with-dsym";
				ENABLE_NS_ASSERTIONS = NO;
				ENABLE_STRICT_OBJC_MSGSEND = YES;
				GCC_C_LANGUAGE_STANDARD = gnu11;
				GCC_NO_COMMON_BLOCKS = YES;
				GCC_WARN_64_TO_32_BIT_CONVERSION = YES;
				GCC_WARN_ABOUT_RETURN_TYPE = YES_ERROR;
				GCC_WARN_UNDECLARED_SELECTOR = YES;
				GCC_WARN_UNINITIALIZED_AUTOS = YES_AGGRESSIVE;
				GCC_WARN_UNUSED_FUNCTION = YES;
				GCC_WARN_UNUSED_VARIABLE = YES;
				IPHONEOS_DEPLOYMENT_TARGET = 12.4;
				MTL_ENABLE_DEBUG_INFO = NO;
				MTL_FAST_MATH = YES;
				SDKROOT = iphoneos;
				SWIFT_COMPILATION_MODE = wholemodule;
				SWIFT_OPTIMIZATION_LEVEL = "-O";
				VALIDATE_PRODUCT = YES;
			};
			name = Release;
		};
		0332589E230D5A7F00CE24A6 /* Debug */ = {
			isa = XCBuildConfiguration;
			buildSettings = {
				ASSETCATALOG_COMPILER_APPICON_NAME = AppIcon;
				CODE_SIGN_STYLE = Automatic;
				DEVELOPMENT_TEAM = 9B5SZWWTS9;
				INFOPLIST_FILE = webapiDemo/Info.plist;
				LD_RUNPATH_SEARCH_PATHS = (
					"$(inherited)",
					"@executable_path/Frameworks",
				);
				PRODUCT_BUNDLE_IDENTIFIER = cn.lency.webapiDemo;
				PRODUCT_NAME = "$(TARGET_NAME)";
				SWIFT_VERSION = 5.0;
				TARGETED_DEVICE_FAMILY = "1,2";
			};
			name = Debug;
		};
		0332589F230D5A7F00CE24A6 /* Release */ = {
			isa = XCBuildConfiguration;
			buildSettings = {
				ASSETCATALOG_COMPILER_APPICON_NAME = AppIcon;
				CODE_SIGN_STYLE = Automatic;
				DEVELOPMENT_TEAM = 9B5SZWWTS9;
				INFOPLIST_FILE = webapiDemo/Info.plist;
				LD_RUNPATH_SEARCH_PATHS = (
					"$(inherited)",
					"@executable_path/Frameworks",
				);
				PRODUCT_BUNDLE_IDENTIFIER = cn.lency.webapiDemo;
				PRODUCT_NAME = "$(TARGET_NAME)";
				SWIFT_VERSION = 5.0;
				TARGETED_DEVICE_FAMILY = "1,2";
			};
			name = Release;
		};
/* End XCBuildConfiguration section */

/* Begin XCConfigurationList section */
		03325886230D5A7D00CE24A6 /* Build configuration list for PBXProject "webapiDemo" */ = {
			isa = XCConfigurationList;
			buildConfigurations = (
				0332589B230D5A7F00CE24A6 /* Debug */,
				0332589C230D5A7F00CE24A6 /* Release */,
			);
			defaultConfigurationIsVisible = 0;
			defaultConfigurationName = Release;
		};
		0332589D230D5A7F00CE24A6 /* Build configuration list for PBXNativeTarget "webapiDemo" */ = {
			isa = XCConfigurationList;
			buildConfigurations = (
				0332589E230D5A7F00CE24A6 /* Debug */,
				0332589F230D5A7F00CE24A6 /* Release */,
			);
			defaultConfigurationIsVisible = 0;
			defaultConfigurationName = Release;
		};
/* End XCConfigurationList section */
	};
	rootObject = 03325883230D5A7D00CE24A6 /* Project object */;
}
